
Microsoft Visual Studio Solution File, Format Version 12.00
# Visual Studio Version 17
VisualStudioVersion = 17.0.32112.339
MinimumVisualStudioVersion = 10.0.40219.1
Project("{FAE04EC0-301F-11D3-BF4B-00C04F79EFBC}") = "DataStructurePrograms", "DataStructurePrograms.csproj", "{2140005B-F96C-4257-B4BA-445E08D1C320}"
EndProject
Global
	GlobalSection(SolutionConfigurationPlatforms) = preSolution
		Debug|Any CPU = Debug|Any CPU
		Release|Any CPU = Release|Any CPU
	EndGlobalSection
	GlobalSection(ProjectConfigurationPlatforms) = postSolution
		{2140005B-F96C-4257-B4BA-445E08D1C320}.Debug|Any CPU.ActiveCfg = Debug|Any CPU
		{2140005B-F96C-4257-B4BA-445E08D1C320}.Debug|Any CPU.Build.0 = Debug|Any CPU
		{2140005B-F96C-4257-B4BA-445E08D1C320}.Release|Any CPU.ActiveCfg = Release|Any CPU
		{2140005B-F96C-4257-B4BA-445E08D1C320}.Release|Any CPU.Build.0 = Release|Any CPU
	EndGlobalSection
	GlobalSection(SolutionProperties) = preSolution
		HideSolutionNode = FALSE
	EndGlobalSection
	GlobalSection(ExtensibilityGlobals) = postSolution
		SolutionGuid = {A4F68A04-2276-4302-B596-D4798C400B4A}
	EndGlobalSection
EndGlobal
